
Microsoft Visual Studio Solution File, Format Version 12.00
# Visual Studio Version 17
VisualStudioVersion = 17.8.34309.116
MinimumVisualStudioVersion = 10.0.40219.1
Project("{FAE04EC0-301F-11D3-BF4B-00C04F79EFBC}") = "Fase2TatianaTozcanoGarcia", "Fase2TatianaTozcanoGarcia\Fase2TatianaTozcanoGarcia.csproj", "{6D20AA7E-2E6F-45B9-B17D-BE482589C679}"
EndProject
Global
	GlobalSection(SolutionConfigurationPlatforms) = preSolution
		Debug|Any CPU = Debug|Any CPU
		Release|Any CPU = Release|Any CPU
	EndGlobalSection
	GlobalSection(ProjectConfigurationPlatforms) = postSolution
		{6D20AA7E-2E6F-45B9-B17D-BE482589C679}.Debug|Any CPU.ActiveCfg = Debug|Any CPU
		{6D20AA7E-2E6F-45B9-B17D-BE482589C679}.Debug|Any CPU.Build.0 = Debug|Any CPU
		{6D20AA7E-2E6F-45B9-B17D-BE482589C679}.Release|Any CPU.ActiveCfg = Release|Any CPU
		{6D20AA7E-2E6F-45B9-B17D-BE482589C679}.Release|Any CPU.Build.0 = Release|Any CPU
	EndGlobalSection
	GlobalSection(SolutionProperties) = preSolution
		HideSolutionNode = FALSE
	EndGlobalSection
	GlobalSection(ExtensibilityGlobals) = postSolution
		SolutionGuid = {0E2E852E-88B6-4981-9C6B-79EB7AE0F9F2}
	EndGlobalSection
EndGlobal
